
Microsoft Visual Studio Solution File, Format Version 12.00
# Visual Studio Version 16
VisualStudioVersion = 16.0.33027.164
MinimumVisualStudioVersion = 10.0.40219.1
Project("{FAE04EC0-301F-11D3-BF4B-00C04F79EFBC}") = "myApp.Cloud", "myApp.Cloud\myApp.Cloud.csproj", "{608C22CA-7471-4DFD-A79A-FF10AAF9D41E}"
EndProject
Project("{FAE04EC0-301F-11D3-BF4B-00C04F79EFBC}") = "myApp.DataAccess", "myApp.DataAccess\myApp.DataAccess.csproj", "{D09701A8-AD71-4C0B-AB9F-EDC9993ECA6D}"
EndProject
Project("{FAE04EC0-301F-11D3-BF4B-00C04F79EFBC}") = "myApp.Business", "myApp.Business\myApp.Business.csproj", "{F7ECDC07-A9BC-4085-A795-B2AE6A1B7D51}"
EndProject
Global
	GlobalSection(SolutionConfigurationPlatforms) = preSolution
		Debug|Any CPU = Debug|Any CPU
		Release|Any CPU = Release|Any CPU
	EndGlobalSection
	GlobalSection(ProjectConfigurationPlatforms) = postSolution
		{608C22CA-7471-4DFD-A79A-FF10AAF9D41E}.Debug|Any CPU.ActiveCfg = Debug|Any CPU
		{608C22CA-7471-4DFD-A79A-FF10AAF9D41E}.Debug|Any CPU.Build.0 = Debug|Any CPU
		{608C22CA-7471-4DFD-A79A-FF10AAF9D41E}.Release|Any CPU.ActiveCfg = Release|Any CPU
		{608C22CA-7471-4DFD-A79A-FF10AAF9D41E}.Release|Any CPU.Build.0 = Release|Any CPU
		{D09701A8-AD71-4C0B-AB9F-EDC9993ECA6D}.Debug|Any CPU.ActiveCfg = Debug|Any CPU
		{D09701A8-AD71-4C0B-AB9F-EDC9993ECA6D}.Debug|Any CPU.Build.0 = Debug|Any CPU
		{D09701A8-AD71-4C0B-AB9F-EDC9993ECA6D}.Release|Any CPU.ActiveCfg = Release|Any CPU
		{D09701A8-AD71-4C0B-AB9F-EDC9993ECA6D}.Release|Any CPU.Build.0 = Release|Any CPU
		{F7ECDC07-A9BC-4085-A795-B2AE6A1B7D51}.Debug|Any CPU.ActiveCfg = Debug|Any CPU
		{F7ECDC07-A9BC-4085-A795-B2AE6A1B7D51}.Debug|Any CPU.Build.0 = Debug|Any CPU
		{F7ECDC07-A9BC-4085-A795-B2AE6A1B7D51}.Release|Any CPU.ActiveCfg = Release|Any CPU
		{F7ECDC07-A9BC-4085-A795-B2AE6A1B7D51}.Release|Any CPU.Build.0 = Release|Any CPU
	EndGlobalSection
	GlobalSection(SolutionProperties) = preSolution
		HideSolutionNode = FALSE
	EndGlobalSection
	GlobalSection(ExtensibilityGlobals) = postSolution
		SolutionGuid = {7878D7F1-21B4-449F-A52D-6861D0CCE71A}
	EndGlobalSection
EndGlobal
